// !$*UTF8*$!
{
	archiveVersion = 1;
	classes = {
	};
	objectVersion = 50;
	objects = {

/* Begin PBXBuildFile section */
		573A7D5920A006790002DFA6 /* AppDelegate.m in Sources */ = {isa = PBXBuildFile; fileRef = 573A7D5820A006790002DFA6 /* AppDelegate.m */; };
		573A7D5C20A006790002DFA6 /* ViewController.m in Sources */ = {isa = PBXBuildFile; fileRef = 573A7D5B20A006790002DFA6 /* ViewController.m */; };
		573A7D5F20A006790002DFA6 /* Main.storyboard in Resources */ = {isa = PBXBuildFile; fileRef = 573A7D5D20A006790002DFA6 /* Main.storyboard */; };
		573A7D6120A0067B0002DFA6 /* Assets.xcassets in Resources */ = {isa = PBXBuildFile; fileRef = 573A7D6020A0067B0002DFA6 /* Assets.xcassets */; };
		573A7D6420A0067B0002DFA6 /* LaunchScreen.storyboard in Resources */ = {isa = PBXBuildFile; fileRef = 573A7D6220A0067B0002DFA6 /* LaunchScreen.storyboard */; };
		573A7D6720A0067B0002DFA6 /* main.m in Sources */ = {isa = PBXBuildFile; fileRef = 573A7D6620A0067B0002DFA6 /* main.m */; };
		573A7D7320A007870002DFA6 /* YZTimerButton.m in Sources */ = {isa = PBXBuildFile; fileRef = 573A7D7220A007870002DFA6 /* YZTimerButton.m */; };
/* End PBXBuildFile section */

/* Begin PBXFileReference section */
		573A7D5420A006790002DFA6 /* YZButton.app */ = {isa = PBXFileReference; explicitFileType = wrapper.application; includeInIndex = 0; path = YZButton.app; sourceTree = BUILT_PRODUCTS_DIR; };
		573A7D5720A006790002DFA6 /* AppDelegate.h */ = {isa = PBXFileReference; lastKnownFileType = sourcecode.c.h; path = AppDelegate.h; sourceTree = "<group>"; };
		573A7D5820A006790002DFA6 /* AppDelegate.m */ = {isa = PBXFileReference; lastKnownFileType = sourcecode.c.objc; path = AppDelegate.m; sourceTree = "<group>"; };
		573A7D5A20A006790002DFA6 /* ViewController.h */ = {isa = PBXFileReference; lastKnownFileType = sourcecode.c.h; path = ViewController.h; sourceTree = "<group>"; };
		573A7D5B20A006790002DFA6 /* ViewController.m */ = {isa = PBXFileReference; lastKnownFileType = sourcecode.c.objc; path = ViewController.m; sourceTree = "<group>"; };
		573A7D5E20A006790002DFA6 /* Base */ = {isa = PBXFileReference; lastKnownFileType = file.storyboard; name = Base; path = Base.lproj/Main.storyboard; sourceTree = "<group>"; };
		573A7D6020A0067B0002DFA6 /* Assets.xcassets */ = {isa = PBXFileReference; lastKnownFileType = folder.assetcatalog; path = Assets.xcassets; sourceTree = "<group>"; };
		573A7D6320A0067B0002DFA6 /* Base */ = {isa = PBXFileReference; lastKnownFileType = file.storyboard; name = Base; path = Base.lproj/LaunchScreen.storyboard; sourceTree = "<group>"; };
		573A7D6520A0067B0002DFA6 /* Info.plist */ = {isa = PBXFileReference; lastKnownFileType = text.plist.xml; path = Info.plist; sourceTree = "<group>"; };
		573A7D6620A0067B0002DFA6 /* main.m */ = {isa = PBXFileReference; lastKnownFileType = sourcecode.c.objc; path = main.m; sourceTree = "<group>"; };
		573A7D7120A007870002DFA6 /* YZTimerButton.h */ = {isa = PBXFileReference; lastKnownFileType = sourcecode.c.h; path = YZTimerButton.h; sourceTree = "<group>"; };
		573A7D7220A007870002DFA6 /* YZTimerButton.m */ = {isa = PBXFileReference; lastKnownFileType = sourcecode.c.objc; path = YZTimerButton.m; sourceTree = "<group>"; };
/* End PBXFileReference section */

/* Begin PBXFrameworksBuildPhase section */
		573A7D5120A006790002DFA6 /* Frameworks */ = {
			isa = PBXFrameworksBuildPhase;
			buildActionMask = 2147483647;
			files = (
			);
			runOnlyForDeploymentPostprocessing = 0;
		};
/* End PBXFrameworksBuildPhase section */

/* Begin PBXGroup section */
		573A7D4B20A006790002DFA6 = {
			isa = PBXGroup;
			children = (
				573A7D5620A006790002DFA6 /* YZButton */,
				573A7D5520A006790002DFA6 /* Products */,
			);
			sourceTree = "<group>";
		};
		573A7D5520A006790002DFA6 /* Products */ = {
			isa = PBXGroup;
			children = (
				573A7D5420A006790002DFA6 /* YZButton.app */,
			);
			name = Products;
			sourceTree = "<group>";
		};
		573A7D5620A006790002DFA6 /* YZButton */ = {
			isa = PBXGroup;
			children = (
				573A7D6D20A006870002DFA6 /* YZCountDownButton */,
				573A7D5720A006790002DFA6 /* AppDelegate.h */,
				573A7D5820A006790002DFA6 /* AppDelegate.m */,
				573A7D5A20A006790002DFA6 /* ViewController.h */,
				573A7D5B20A006790002DFA6 /* ViewController.m */,
				573A7D5D20A006790002DFA6 /* Main.storyboard */,
				573A7D6020A0067B0002DFA6 /* Assets.xcassets */,
				573A7D6220A0067B0002DFA6 /* LaunchScreen.storyboard */,
				573A7D6520A0067B0002DFA6 /* Info.plist */,
				573A7D6620A0067B0002DFA6 /* main.m */,
			);
			path = YZButton;
			sourceTree = "<group>";
		};
		573A7D6D20A006870002DFA6 /* YZCountDownButton */ = {
			isa = PBXGroup;
			children = (
				573A7D7120A007870002DFA6 /* YZTimerButton.h */,
				573A7D7220A007870002DFA6 /* YZTimerButton.m */,
			);
			path = YZCountDownButton;
			sourceTree = "<group>";
		};
/* End PBXGroup section */

/* Begin PBXNativeTarget section */
		573A7D5320A006790002DFA6 /* YZButton */ = {
			isa = PBXNativeTarget;
			buildConfigurationList = 573A7D6A20A0067B0002DFA6 /* Build configuration list for PBXNativeTarget "YZButton" */;
			buildPhases = (
				573A7D5020A006790002DFA6 /* Sources */,
				573A7D5120A006790002DFA6 /* Frameworks */,
				573A7D5220A006790002DFA6 /* Resources */,
			);
			buildRules = (
			);
			dependencies = (
			);
			name = YZButton;
			productName = YZButton;
			productReference = 573A7D5420A006790002DFA6 /* YZButton.app */;
			productType = "com.apple.product-type.application";
		};
/* End PBXNativeTarget section */

/* Begin PBXProject section */
		573A7D4C20A006790002DFA6 /* Project object */ = {
			isa = PBXProject;
			attributes = {
				LastUpgradeCheck = 0930;
				ORGANIZATIONNAME = "羽隹";
				TargetAttributes = {
					573A7D5320A006790002DFA6 = {
						CreatedOnToolsVersion = 9.3;
					};
				};
			};
			buildConfigurationList = 573A7D4F20A006790002DFA6 /* Build configuration list for PBXProject "YZButton" */;
			compatibilityVersion = "Xcode 9.3";
			developmentRegion = en;
			hasScannedForEncodings = 0;
			knownRegions = (
				en,
				Base,
			);
			mainGroup = 573A7D4B20A006790002DFA6;
			productRefGroup = 573A7D5520A006790002DFA6 /* Products */;
			projectDirPath = "";
			projectRoot = "";
			targets = (
				573A7D5320A006790002DFA6 /* YZButton */,
			);
		};
/* End PBXProject section */

/* Begin PBXResourcesBuildPhase section */
		573A7D5220A006790002DFA6 /* Resources */ = {
			isa = PBXResourcesBuildPhase;
			buildActionMask = 2147483647;
			files = (
				573A7D6420A0067B0002DFA6 /* LaunchScreen.storyboard in Resources */,
				573A7D6120A0067B0002DFA6 /* Assets.xcassets in Resources */,
				573A7D5F20A006790002DFA6 /* Main.storyboard in Resources */,
			);
			runOnlyForDeploymentPostprocessing = 0;
		};
/* End PBXResourcesBuildPhase section */

/* Begin PBXSourcesBuildPhase section */
		573A7D5020A006790002DFA6 /* Sources */ = {
			isa = PBXSourcesBuildPhase;
			buildActionMask = 2147483647;
			files = (
				573A7D7320A007870002DFA6 /* YZTimerButton.m in Sources */,
				573A7D5C20A006790002DFA6 /* ViewController.m in Sources */,
				573A7D6720A0067B0002DFA6 /* main.m in Sources */,
				573A7D5920A006790002DFA6 /* AppDelegate.m in Sources */,
			);
			runOnlyForDeploymentPostprocessing = 0;
		};
/* End PBXSourcesBuildPhase section */

/* Begin PBXVariantGroup section */
		573A7D5D20A006790002DFA6 /* Main.storyboard */ = {
			isa = PBXVariantGroup;
			children = (
				573A7D5E20A006790002DFA6 /* Base */,
			);
			name = Main.storyboard;
			sourceTree = "<group>";
		};
		573A7D6220A0067B0002DFA6 /* LaunchScreen.storyboard */ = {
			isa = PBXVariantGroup;
			children = (
				573A7D6320A0067B0002DFA6 /* Base */,
			);
			name = LaunchScreen.storyboard;
			sourceTree = "<group>";
		};
/* End PBXVariantGroup section */

/* Begin XCBuildConfiguration section */
		573A7D6820A0067B0002DFA6 /* Debug */ = {
			isa = XCBuildConfiguration;
			buildSettings = {
				ALWAYS_SEARCH_USER_PATHS = NO;
				CLANG_ANALYZER_NONNULL = YES;
				CLANG_ANALYZER_NUMBER_OBJECT_CONVERSION = YES_AGGRESSIVE;
				CLANG_CXX_LANGUAGE_STANDARD = "gnu++14";
				CLANG_CXX_LIBRARY = "libc++";
				CLANG_ENABLE_MODULES = YES;
				CLANG_ENABLE_OBJC_ARC = YES;
				CLANG_ENABLE_OBJC_WEAK = YES;
				CLANG_WARN_BLOCK_CAPTURE_AUTORELEASING = YES;
				CLANG_WARN_BOOL_CONVERSION = YES;
				CLANG_WARN_COMMA = YES;
				CLANG_WARN_CONSTANT_CONVERSION = YES;
				CLANG_WARN_DEPRECATED_OBJC_IMPLEMENTATIONS = YES;
				CLANG_WARN_DIRECT_OBJC_ISA_USAGE = YES_ERROR;
				CLANG_WARN_DOCUMENTATION_COMMENTS = YES;
				CLANG_WARN_EMPTY_BODY = YES;
				CLANG_WARN_ENUM_CONVERSION = YES;
				CLANG_WARN_INFINITE_RECURSION = YES;
				CLANG_WARN_INT_CONVERSION = YES;
				CLANG_WARN_NON_LITERAL_NULL_CONVERSION = YES;
				CLANG_WARN_OBJC_IMPLICIT_RETAIN_SELF = YES;
				CLANG_WARN_OBJC_LITERAL_CONVERSION = YES;
				CLANG_WARN_OBJC_ROOT_CLASS = YES_ERROR;
				CLANG_WARN_RANGE_LOOP_ANALYSIS = YES;
				CLANG_WARN_STRICT_PROTOTYPES = YES;
				CLANG_WARN_SUSPICIOUS_MOVE = YES;
				CLANG_WARN_UNGUARDED_AVAILABILITY = YES_AGGRESSIVE;
				CLANG_WARN_UNREACHABLE_CODE = YES;
				CLANG_WARN__DUPLICATE_METHOD_MATCH = YES;
				CODE_SIGN_IDENTITY = "iPhone Developer";
				COPY_PHASE_STRIP = NO;
				DEBUG_INFORMATION_FORMAT = dwarf;
				ENABLE_STRICT_OBJC_MSGSEND = YES;
				ENABLE_TESTABILITY = YES;
				GCC_C_LANGUAGE_STANDARD = gnu11;
				GCC_DYNAMIC_NO_PIC = NO;
				GCC_NO_COMMON_BLOCKS = YES;
				GCC_OPTIMIZATION_LEVEL = 0;
				GCC_PREPROCESSOR_DEFINITIONS = (
					"DEBUG=1",
					"$(inherited)",
				);
				GCC_WARN_64_TO_32_BIT_CONVERSION = YES;
				GCC_WARN_ABOUT_RETURN_TYPE = YES_ERROR;
				GCC_WARN_UNDECLARED_SELECTOR = YES;
				GCC_WARN_UNINITIALIZED_AUTOS = YES_AGGRESSIVE;
				GCC_WARN_UNUSED_FUNCTION = YES;
				GCC_WARN_UNUSED_VARIABLE = YES;
				IPHONEOS_DEPLOYMENT_TARGET = 11.3;
				MTL_ENABLE_DEBUG_INFO = YES;
				ONLY_ACTIVE_ARCH = YES;
				SDKROOT = iphoneos;
			};
			name = Debug;
		};
		573A7D6920A0067B0002DFA6 /* Release */ = {
			isa = XCBuildConfiguration;
			buildSettings = {
				ALWAYS_SEARCH_USER_PATHS = NO;
				CLANG_ANALYZER_NONNULL = YES;
				CLANG_ANALYZER_NUMBER_OBJECT_CONVERSION = YES_AGGRESSIVE;
				CLANG_CXX_LANGUAGE_STANDARD = "gnu++14";
				CLANG_CXX_LIBRARY = "libc++";
				CLANG_ENABLE_MODULES = YES;
				CLANG_ENABLE_OBJC_ARC = YES;
				CLANG_ENABLE_OBJC_WEAK = YES;
				CLANG_WARN_BLOCK_CAPTURE_AUTORELEASING = YES;
				CLANG_WARN_BOOL_CONVERSION = YES;
				CLANG_WARN_COMMA = YES;
				CLANG_WARN_CONSTANT_CONVERSION = YES;
				CLANG_WARN_DEPRECATED_OBJC_IMPLEMENTATIONS = YES;
				CLANG_WARN_DIRECT_OBJC_ISA_USAGE = YES_ERROR;
				CLANG_WARN_DOCUMENTATION_COMMENTS = YES;
				CLANG_WARN_EMPTY_BODY = YES;
				CLANG_WARN_ENUM_CONVERSION = YES;
				CLANG_WARN_INFINITE_RECURSION = YES;
				CLANG_WARN_INT_CONVERSION = YES;
				CLANG_WARN_NON_LITERAL_NULL_CONVERSION = YES;
				CLANG_WARN_OBJC_IMPLICIT_RETAIN_SELF = YES;
				CLANG_WARN_OBJC_LITERAL_CONVERSION = YES;
				CLANG_WARN_OBJC_ROOT_CLASS = YES_ERROR;
				CLANG_WARN_RANGE_LOOP_ANALYSIS = YES;
				CLANG_WARN_STRICT_PROTOTYPES = YES;
				CLANG_WARN_SUSPICIOUS_MOVE = YES;
				CLANG_WARN_UNGUARDED_AVAILABILITY = YES_AGGRESSIVE;
				CLANG_WARN_UNREACHABLE_CODE = YES;
				CLANG_WARN__DUPLICATE_METHOD_MATCH = YES;
				CODE_SIGN_IDENTITY = "iPhone Developer";
				COPY_PHASE_STRIP = NO;
				DEBUG_INFORMATION_FORMAT = "dwarf-with-dsym";
				ENABLE_NS_ASSERTIONS = NO;
				ENABLE_STRICT_OBJC_MSGSEND = YES;
				GCC_C_LANGUAGE_STANDARD = gnu11;
				GCC_NO_COMMON_BLOCKS = YES;
				GCC_WARN_64_TO_32_BIT_CONVERSION = YES;
				GCC_WARN_ABOUT_RETURN_TYPE = YES_ERROR;
				GCC_WARN_UNDECLARED_SELECTOR = YES;
				GCC_WARN_UNINITIALIZED_AUTOS = YES_AGGRESSIVE;
				GCC_WARN_UNUSED_FUNCTION = YES;
				GCC_WARN_UNUSED_VARIABLE = YES;
				IPHONEOS_DEPLOYMENT_TARGET = 11.3;
				MTL_ENABLE_DEBUG_INFO = NO;
				SDKROOT = iphoneos;
				VALIDATE_PRODUCT = YES;
			};
			name = Release;
		};
		573A7D6B20A0067B0002DFA6 /* Debug */ = {
			isa = XCBuildConfiguration;
			buildSettings = {
				ASSETCATALOG_COMPILER_APPICON_NAME = AppIcon;
				CODE_SIGN_STYLE = Automatic;
				DEVELOPMENT_TEAM = 7ND2CJJ9HJ;
				INFOPLIST_FILE = YZButton/Info.plist;
				LD_RUNPATH_SEARCH_PATHS = (
					"$(inherited)",
					"@executable_path/Frameworks",
				);
				PRODUCT_BUNDLE_IDENTIFIER = Samsaragod.YZButton;
				PRODUCT_NAME = "$(TARGET_NAME)";
				TARGETED_DEVICE_FAMILY = "1,2";
			};
			name = Debug;
		};
		573A7D6C20A0067B0002DFA6 /* Release */ = {
			isa = XCBuildConfiguration;
			buildSettings = {
				ASSETCATALOG_COMPILER_APPICON_NAME = AppIcon;
				CODE_SIGN_STYLE = Automatic;
				DEVELOPMENT_TEAM = 7ND2CJJ9HJ;
				INFOPLIST_FILE = YZButton/Info.plist;
				LD_RUNPATH_SEARCH_PATHS = (
					"$(inherited)",
					"@executable_path/Frameworks",
				);
				PRODUCT_BUNDLE_IDENTIFIER = Samsaragod.YZButton;
				PRODUCT_NAME = "$(TARGET_NAME)";
				TARGETED_DEVICE_FAMILY = "1,2";
			};
			name = Release;
		};
/* End XCBuildConfiguration section */

/* Begin XCConfigurationList section */
		573A7D4F20A006790002DFA6 /* Build configuration list for PBXProject "YZButton" */ = {
			isa = XCConfigurationList;
			buildConfigurations = (
				573A7D6820A0067B0002DFA6 /* Debug */,
				573A7D6920A0067B0002DFA6 /* Release */,
			);
			defaultConfigurationIsVisible = 0;
			defaultConfigurationName = Release;
		};
		573A7D6A20A0067B0002DFA6 /* Build configuration list for PBXNativeTarget "YZButton" */ = {
			isa = XCConfigurationList;
			buildConfigurations = (
				573A7D6B20A0067B0002DFA6 /* Debug */,
				573A7D6C20A0067B0002DFA6 /* Release */,
			);
			defaultConfigurationIsVisible = 0;
			defaultConfigurationName = Release;
		};
/* End XCConfigurationList section */
	};
	rootObject = 573A7D4C20A006790002DFA6 /* Project object */;
}
